<?xml version="1.0" encoding="utf-8"?>
<Project ToolsVersion="4.0" xmlns="http://schemas.microsoft.com/developer/msbuild/2003">
  <ItemGroup>
    <Filter Include="Resource Files">
      <UniqueIdentifier>{67DA6AB6-F800-4c08-8B7A-83BB121AAD01}</UniqueIdentifier>
      <Extensions>qrc;rc;ico;cur;bmp;dlg;rc2;rct;bin;rgs;gif;jpg;jpeg;jpe;resx;tiff;tif;png;wav;mfcribbon-ms</Extensions>
    </Filter>
    <Filter Include="Form Files">
      <UniqueIdentifier>{99349809-55BA-4b9d-BF79-8FDBB0286EB3}</UniqueIdentifier>
      <Extensions>ui</Extensions>
    </Filter>
    <Filter Include="src">
      <UniqueIdentifier>{4FC737F1-C7A5-4376-A066-2A32D752A2FF}</UniqueIdentifier>
      <Extensions>qml;cpp;c;cc;cxx;def;odl;idl;hpj;bat;asm;asmx</Extensions>
    </Filter>
    <Filter Include="headers">
      <UniqueIdentifier>{0a9acd6a-c149-4d31-8333-40925a835eff}</UniqueIdentifier>
    </Filter>
    <Filter Include="imgui">
      <UniqueIdentifier>{f6db6bbd-a185-4c35-bc44-ca3a79fc3fcc}</UniqueIdentifier>
    </Filter>
  </ItemGroup>
  <ItemGroup>
    <ClCompile Include="src\main.cpp">
      <Filter>src</Filter>
    </ClCompile>
    <ClCompile Include="src\do_process.cpp">
      <Filter>src</Filter>
    </ClCompile>
    <ClCompile Include="src\pch.cpp">
      <Filter>src</Filter>
    </ClCompile>
    <ClCompile Include="src\imageio.cpp">
      <Filter>src</Filter>
    </ClCompile>
    <ClCompile Include="src\settings.cpp">
      <Filter>src</Filter>
    </ClCompile>
    <ClCompile Include="src\fileProcessor.cpp">
      <Filter>src</Filter>
    </ClCompile>
    <ClCompile Include="src\processors.cpp">
      <Filter>src</Filter>
    </ClCompile>
    <ClCompile Include="src\exif_parser.cpp">
      <Filter>src</Filter>
    </ClCompile>
    <ClCompile Include="src\cli.cpp">
      <Filter>src</Filter>
    </ClCompile>
    <ClCompile Include="src\gui.cpp">
      <Filter>src</Filter>
    </ClCompile>
    <ClCompile Include="src\preview.cpp">
      <Filter>src</Filter>
    </ClCompile>
    <ClCompile Include="E:\GH\imgui\imgui.cpp">
      <Filter>imgui</Filter>
    </ClCompile>
    <ClCompile Include="E:\GH\imgui\imgui_draw.cpp">
      <Filter>imgui</Filter>
    </ClCompile>
    <ClCompile Include="E:\GH\imgui\imgui_tables.cpp">
      <Filter>imgui</Filter>
    </ClCompile>
    <ClCompile Include="E:\GH\imgui\imgui_widgets.cpp">
      <Filter>imgui</Filter>
    </ClCompile>
    <ClCompile Include="E:\GH\imgui\backends\imgui_impl_opengl3.cpp">
      <Filter>imgui</Filter>
    </ClCompile>
    <ClCompile Include="E:\GH\imgui\backends\imgui_impl_glfw.cpp">
      <Filter>imgui</Filter>
    </ClCompile>
  </ItemGroup>
  <ItemGroup>
    <ClInclude Include="resource.h">
      <Filter>Resource Files</Filter>
    </ClInclude>
    <ClInclude Include="src\imageio.h">
      <Filter>headers</Filter>
    </ClInclude>
    <ClInclude Include="src\do_process.h">
      <Filter>headers</Filter>
    </ClInclude>
    <ClInclude Include="src\processors.h">
      <Filter>headers</Filter>
    </ClInclude>
    <ClInclude Include="src\settings.h">
      <Filter>headers</Filter>
    </ClInclude>
    <ClInclude Include="src\pch.h">
      <Filter>headers</Filter>
    </ClInclude>
    <ClInclude Include="src\Timer.h">
      <Filter>headers</Filter>
    </ClInclude>
    <ClInclude Include="src\fileProcessor.h">
      <Filter>headers</Filter>
    </ClInclude>
    <ClInclude Include="src\exif_parser.h">
      <Filter>headers</Filter>
    </ClInclude>
    <ClInclude Include="src\cli.h">
      <Filter>headers</Filter>
    </ClInclude>
    <ClInclude Include="src\threadpool.h">
      <Filter>headers</Filter>
    </ClInclude>
    <ClInclude Include="src\gui.h">
      <Filter>headers</Filter>
    </ClInclude>
    <ClInclude Include="src\preview.h">
      <Filter>headers</Filter>
    </ClInclude>
    <ClInclude Include="E:\GH\imgui\imconfig.h">
      <Filter>imgui</Filter>
    </ClInclude>
    <ClInclude Include="E:\GH\imgui\imgui.h">
      <Filter>imgui</Filter>
    </ClInclude>
    <ClInclude Include="E:\GH\imgui\imgui_internal.h">
      <Filter>imgui</Filter>
    </ClInclude>
    <ClInclude Include="E:\GH\imgui\imstb_rectpack.h">
      <Filter>imgui</Filter>
    </ClInclude>
    <ClInclude Include="E:\GH\imgui\imstb_textedit.h">
      <Filter>imgui</Filter>
    </ClInclude>
    <ClInclude Include="E:\GH\imgui\imstb_truetype.h">
      <Filter>imgui</Filter>
    </ClInclude>
    <ClInclude Include="E:\GH\imgui\backends\imgui_impl_opengl3.h">
      <Filter>imgui</Filter>
    </ClInclude>
    <ClInclude Include="E:\GH\imgui\backends\imgui_impl_opengl3_loader.h">
      <Filter>imgui</Filter>
    </ClInclude>
    <ClInclude Include="E:\GH\imgui\backends\imgui_impl_glfw.h">
      <Filter>imgui</Filter>
    </ClInclude>
  </ItemGroup>
  <ItemGroup>
    <CopyFileToFolders Include="src\unrw_config.toml">
      <Filter>Resource Files</Filter>
    </CopyFileToFolders>
  </ItemGroup>
  <ItemGroup>
    <ResourceCompile Include="Unrawer.rc">
      <Filter>Resource Files</Filter>
    </ResourceCompile>
  </ItemGroup>
</Project>
