<?xml version="1.0" encoding="utf-8"?>
<Project ToolsVersion="4.0" xmlns="http://schemas.microsoft.com/developer/msbuild/2003">
  <ItemGroup>
    <Filter Include="Resource Files">
      <UniqueIdentifier>{67DA6AB6-F800-4c08-8B7A-83BB121AAD01}</UniqueIdentifier>
      <Extensions>qrc;rc;ico;cur;bmp;dlg;rc2;rct;bin;rgs;gif;jpg;jpeg;jpe;resx;tiff;tif;png;wav;mfcribbon-ms</Extensions>
    </Filter>
    <Filter Include="Form Files">
      <UniqueIdentifier>{99349809-55BA-4b9d-BF79-8FDBB0286EB3}</UniqueIdentifier>
      <Extensions>ui</Extensions>
    </Filter>
    <Filter Include="Translation Files">
      <UniqueIdentifier>{639EADAA-A684-42e4-A9AD-28FC9BCB8F7C}</UniqueIdentifier>
      <Extensions>ts</Extensions>
    </Filter>
    <Filter Include="src">
      <UniqueIdentifier>{4FC737F1-C7A5-4376-A066-2A32D752A2FF}</UniqueIdentifier>
      <Extensions>qml;cpp;c;cc;cxx;def;odl;idl;hpj;bat;asm;asmx</Extensions>
    </Filter>
    <Filter Include="headers">
      <UniqueIdentifier>{0a9acd6a-c149-4d31-8333-40925a835eff}</UniqueIdentifier>
    </Filter>
  </ItemGroup>
  <ItemGroup>
    <QtRcc Include="src\gui.qrc">
      <Filter>Resource Files</Filter>
    </QtRcc>
  </ItemGroup>
  <ItemGroup>
    <ClCompile Include="src\ui.cpp">
      <Filter>src</Filter>
    </ClCompile>
    <ClCompile Include="src\main.cpp">
      <Filter>src</Filter>
    </ClCompile>
    <ClCompile Include="src\process.cpp">
      <Filter>src</Filter>
    </ClCompile>
    <ClCompile Include="src\stdafx.cpp">
      <Filter>src</Filter>
    </ClCompile>
    <ClCompile Include="src\imageio.cpp">
      <Filter>src</Filter>
    </ClCompile>
    <ClCompile Include="src\settings.cpp">
      <Filter>src</Filter>
    </ClCompile>
    <ClCompile Include="src\Log.cpp">
      <Filter>src</Filter>
    </ClCompile>
    <ClCompile Include="src\Unrawer.cpp">
      <Filter>src</Filter>
    </ClCompile>
    <ClCompile Include="src\fileProcessor.cpp">
      <Filter>src</Filter>
    </ClCompile>
    <ClCompile Include="src\processors.cpp">
      <Filter>src</Filter>
    </ClCompile>
    <ClCompile Include="src\exif_parser.cpp">
      <Filter>src</Filter>
    </ClCompile>
    <ClCompile Include="src\cli.cpp">
      <Filter>src</Filter>
    </ClCompile>
  </ItemGroup>
  <ItemGroup>
    <QtUic Include="src\gui.ui">
      <Filter>Form Files</Filter>
    </QtUic>
  </ItemGroup>
  <ItemGroup>
    <ClInclude Include="resource.h">
      <Filter>Resource Files</Filter>
    </ClInclude>
    <ClInclude Include="src\imageio.h">
      <Filter>headers</Filter>
    </ClInclude>
    <ClInclude Include="src\process.h">
      <Filter>headers</Filter>
    </ClInclude>
    <ClInclude Include="src\processors.h">
      <Filter>headers</Filter>
    </ClInclude>
    <ClInclude Include="src\settings.h">
      <Filter>headers</Filter>
    </ClInclude>
    <ClInclude Include="src\stdafx.h">
      <Filter>headers</Filter>
    </ClInclude>
    <ClInclude Include="src\Timer.h">
      <Filter>headers</Filter>
    </ClInclude>
    <ClInclude Include="src\Unrawer.h">
      <Filter>headers</Filter>
    </ClInclude>
    <ClInclude Include="src\LOG.H">
      <Filter>headers</Filter>
    </ClInclude>
    <ClInclude Include="src\fileProcessor.h">
      <Filter>headers</Filter>
    </ClInclude>
    <ClInclude Include="src\Common.h">
      <Filter>headers</Filter>
    </ClInclude>
    <ClInclude Include="src\exif_parser.h">
      <Filter>headers</Filter>
    </ClInclude>
    <ClInclude Include="src\cli.h">
      <Filter>headers</Filter>
    </ClInclude>
    <ClInclude Include="src\threadpool.h">
      <Filter>headers</Filter>
    </ClInclude>
  </ItemGroup>
  <ItemGroup>
    <CopyFileToFolders Include="src\unrw_config.toml">
      <Filter>Resource Files</Filter>
    </CopyFileToFolders>
  </ItemGroup>
  <ItemGroup>
    <ResourceCompile Include="Unrawer.rc">
      <Filter>Resource Files</Filter>
    </ResourceCompile>
  </ItemGroup>
  <ItemGroup>
    <QtMoc Include="src\ui.h">
      <Filter>headers</Filter>
    </QtMoc>
  </ItemGroup>
</Project>